{
  "name": "fixturesofmatches",
  "version": "1.0.0",
  "lockfileVersion": 1,
  "requires": true,
  "dependencies": {
    "round-robin-tournament": {
      "version": "1.2.3",
      "resolved": "https://registry.npmjs.org/round-robin-tournament/-/round-robin-tournament-1.2.3.tgz",
      "integrity": "sha512-Eaua9Z9DGxUy/X3+07endPmDCOXDE+ZHFPCeX40jqDe9msa8GVxbCCiSOQbtmxX2smWEz8J8Gy4KFs4MqDt8fg=="
    }
  }
}
